
Microsoft Visual Studio Solution File, Format Version 12.00
# Visual Studio 2013
VisualStudioVersion = 12.0.40629.0
MinimumVisualStudioVersion = 10.0.40219.1
Project("{FAE04EC0-301F-11D3-BF4B-00C04F79EFBC}") = "AutomatedTesting", "AutomatedTesting\AutomatedTesting.csproj", "{39E0E03E-CA91-4E86-A185-73FF4AC4EF1F}"
EndProject
Project("{FAE04EC0-301F-11D3-BF4B-00C04F79EFBC}") = "ModelsLibrary", "ModelsLibrary\ModelsLibrary.csproj", "{DAA29156-CA55-45D6-8E75-9F064F04F9B9}"
EndProject
Project("{FAE04EC0-301F-11D3-BF4B-00C04F79EFBC}") = "Repositories.cs", "Repositories.cs\Repositories.cs.csproj", "{6B9CB49A-2804-4B6B-A7D8-7426BB6D214B}"
EndProject
Project("{FAE04EC0-301F-11D3-BF4B-00C04F79EFBC}") = "ObjectLibrary", "ObjectLibrary\ObjectLibrary.csproj", "{D8B3A715-4E52-4923-A2EB-EFBC0C6EECFF}"
EndProject
Global
	GlobalSection(SolutionConfigurationPlatforms) = preSolution
		Debug|Any CPU = Debug|Any CPU
		Release|Any CPU = Release|Any CPU
	EndGlobalSection
	GlobalSection(ProjectConfigurationPlatforms) = postSolution
		{39E0E03E-CA91-4E86-A185-73FF4AC4EF1F}.Debug|Any CPU.ActiveCfg = Debug|Any CPU
		{39E0E03E-CA91-4E86-A185-73FF4AC4EF1F}.Debug|Any CPU.Build.0 = Debug|Any CPU
		{39E0E03E-CA91-4E86-A185-73FF4AC4EF1F}.Release|Any CPU.ActiveCfg = Release|Any CPU
		{39E0E03E-CA91-4E86-A185-73FF4AC4EF1F}.Release|Any CPU.Build.0 = Release|Any CPU
		{DAA29156-CA55-45D6-8E75-9F064F04F9B9}.Debug|Any CPU.ActiveCfg = Debug|Any CPU
		{DAA29156-CA55-45D6-8E75-9F064F04F9B9}.Debug|Any CPU.Build.0 = Debug|Any CPU
		{DAA29156-CA55-45D6-8E75-9F064F04F9B9}.Release|Any CPU.ActiveCfg = Release|Any CPU
		{DAA29156-CA55-45D6-8E75-9F064F04F9B9}.Release|Any CPU.Build.0 = Release|Any CPU
		{6B9CB49A-2804-4B6B-A7D8-7426BB6D214B}.Debug|Any CPU.ActiveCfg = Debug|Any CPU
		{6B9CB49A-2804-4B6B-A7D8-7426BB6D214B}.Debug|Any CPU.Build.0 = Debug|Any CPU
		{6B9CB49A-2804-4B6B-A7D8-7426BB6D214B}.Release|Any CPU.ActiveCfg = Release|Any CPU
		{6B9CB49A-2804-4B6B-A7D8-7426BB6D214B}.Release|Any CPU.Build.0 = Release|Any CPU
		{D8B3A715-4E52-4923-A2EB-EFBC0C6EECFF}.Debug|Any CPU.ActiveCfg = Debug|Any CPU
		{D8B3A715-4E52-4923-A2EB-EFBC0C6EECFF}.Debug|Any CPU.Build.0 = Debug|Any CPU
		{D8B3A715-4E52-4923-A2EB-EFBC0C6EECFF}.Release|Any CPU.ActiveCfg = Release|Any CPU
		{D8B3A715-4E52-4923-A2EB-EFBC0C6EECFF}.Release|Any CPU.Build.0 = Release|Any CPU
	EndGlobalSection
	GlobalSection(SolutionProperties) = preSolution
		HideSolutionNode = FALSE
	EndGlobalSection
EndGlobal
